
Microsoft Visual Studio Solution File, Format Version 12.00
# Visual Studio Version 17
VisualStudioVersion = 17.4.33213.308
MinimumVisualStudioVersion = 10.0.40219.1
Project("{FAE04EC0-301F-11D3-BF4B-00C04F79EFBC}") = "BulkyWeb", "BulkyWeb\BulkyWeb.csproj", "{70E45507-1162-4FF3-84F0-6F947BBD06FC}"
EndProject
Global
	GlobalSection(SolutionConfigurationPlatforms) = preSolution
		Debug|Any CPU = Debug|Any CPU
		Release|Any CPU = Release|Any CPU
	EndGlobalSection
	GlobalSection(ProjectConfigurationPlatforms) = postSolution
		{70E45507-1162-4FF3-84F0-6F947BBD06FC}.Debug|Any CPU.ActiveCfg = Debug|Any CPU
		{70E45507-1162-4FF3-84F0-6F947BBD06FC}.Debug|Any CPU.Build.0 = Debug|Any CPU
		{70E45507-1162-4FF3-84F0-6F947BBD06FC}.Release|Any CPU.ActiveCfg = Release|Any CPU
		{70E45507-1162-4FF3-84F0-6F947BBD06FC}.Release|Any CPU.Build.0 = Release|Any CPU
	EndGlobalSection
	GlobalSection(SolutionProperties) = preSolution
		HideSolutionNode = FALSE
	EndGlobalSection
	GlobalSection(ExtensibilityGlobals) = postSolution
		SolutionGuid = {0AB1328B-AB72-4643-A25A-4342F3CFB80B}
	EndGlobalSection
EndGlobal
